// !$*UTF8*$!
{
	archiveVersion = 1;
	classes = {
	};
	objectVersion = 46;
	objects = {

/* Begin PBXBuildFile section */
		E5547623176FA4290095A610 /* NetConnect.h in Sources */ = {isa = PBXBuildFile; fileRef = E5547621176FA3EC0095A610 /* NetConnect.h */; };
		E5547624176FA4290095A610 /* NetConnect.m in Sources */ = {isa = PBXBuildFile; fileRef = E5547622176FA3EC0095A610 /* NetConnect.m */; };
		E5C4B42F177119D00009AEDE /* SBJsonParser.m in Sources */ = {isa = PBXBuildFile; fileRef = E5C4B41C177119D00009AEDE /* SBJsonParser.m */; };
		E5C4B430177119D00009AEDE /* SBJsonStreamParser.m in Sources */ = {isa = PBXBuildFile; fileRef = E5C4B41E177119D00009AEDE /* SBJsonStreamParser.m */; };
		E5C4B431177119D00009AEDE /* SBJsonStreamParserAccumulator.m in Sources */ = {isa = PBXBuildFile; fileRef = E5C4B420177119D00009AEDE /* SBJsonStreamParserAccumulator.m */; };
		E5C4B432177119D00009AEDE /* SBJsonStreamParserAdapter.m in Sources */ = {isa = PBXBuildFile; fileRef = E5C4B422177119D00009AEDE /* SBJsonStreamParserAdapter.m */; };
		E5C4B433177119D00009AEDE /* SBJsonStreamParserState.m in Sources */ = {isa = PBXBuildFile; fileRef = E5C4B424177119D00009AEDE /* SBJsonStreamParserState.m */; };
		E5C4B434177119D00009AEDE /* SBJsonStreamTokeniser.m in Sources */ = {isa = PBXBuildFile; fileRef = E5C4B426177119D00009AEDE /* SBJsonStreamTokeniser.m */; };
		E5C4B435177119D00009AEDE /* SBJsonStreamWriter.m in Sources */ = {isa = PBXBuildFile; fileRef = E5C4B428177119D00009AEDE /* SBJsonStreamWriter.m */; };
		E5C4B436177119D00009AEDE /* SBJsonStreamWriterAccumulator.m in Sources */ = {isa = PBXBuildFile; fileRef = E5C4B42A177119D00009AEDE /* SBJsonStreamWriterAccumulator.m */; };
		E5C4B437177119D00009AEDE /* SBJsonStreamWriterState.m in Sources */ = {isa = PBXBuildFile; fileRef = E5C4B42C177119D00009AEDE /* SBJsonStreamWriterState.m */; };
		E5C4B438177119D00009AEDE /* SBJsonWriter.m in Sources */ = {isa = PBXBuildFile; fileRef = E5C4B42E177119D00009AEDE /* SBJsonWriter.m */; };
		E5C4B43B17711D430009AEDE /* SearchSession.m in Sources */ = {isa = PBXBuildFile; fileRef = E5C4B43A17711D430009AEDE /* SearchSession.m */; };
		E5C4B43E177134210009AEDE /* ImagesGrabber.m in Sources */ = {isa = PBXBuildFile; fileRef = E5C4B43D177134210009AEDE /* ImagesGrabber.m */; };
		E5C4B440177136370009AEDE /* images.plist in Resources */ = {isa = PBXBuildFile; fileRef = E5C4B43F177136370009AEDE /* images.plist */; };
		E5FA2532176F50950087104A /* UIKit.framework in Frameworks */ = {isa = PBXBuildFile; fileRef = E5FA2531176F50950087104A /* UIKit.framework */; };
		E5FA2534176F50950087104A /* Foundation.framework in Frameworks */ = {isa = PBXBuildFile; fileRef = E5FA2533176F50950087104A /* Foundation.framework */; };
		E5FA2536176F50950087104A /* CoreGraphics.framework in Frameworks */ = {isa = PBXBuildFile; fileRef = E5FA2535176F50950087104A /* CoreGraphics.framework */; };
		E5FA253C176F50950087104A /* InfoPlist.strings in Resources */ = {isa = PBXBuildFile; fileRef = E5FA253A176F50950087104A /* InfoPlist.strings */; };
		E5FA253E176F50950087104A /* main.m in Sources */ = {isa = PBXBuildFile; fileRef = E5FA253D176F50950087104A /* main.m */; };
		E5FA2542176F50950087104A /* AppDelegate.m in Sources */ = {isa = PBXBuildFile; fileRef = E5FA2541176F50950087104A /* AppDelegate.m */; };
		E5FA2544176F50960087104A /* Default.png in Resources */ = {isa = PBXBuildFile; fileRef = E5FA2543176F50960087104A /* Default.png */; };
		E5FA2546176F50960087104A /* Default@2x.png in Resources */ = {isa = PBXBuildFile; fileRef = E5FA2545176F50960087104A /* Default@2x.png */; };
		E5FA2548176F50960087104A /* Default-568h@2x.png in Resources */ = {isa = PBXBuildFile; fileRef = E5FA2547176F50960087104A /* Default-568h@2x.png */; };
		E5FA254B176F50960087104A /* MainStoryboard.storyboard in Resources */ = {isa = PBXBuildFile; fileRef = E5FA2549176F50960087104A /* MainStoryboard.storyboard */; };
		E5FA254E176F50960087104A /* ViewController.m in Sources */ = {isa = PBXBuildFile; fileRef = E5FA254D176F50960087104A /* ViewController.m */; };
		E5FA2556176F52410087104A /* Results.m in Sources */ = {isa = PBXBuildFile; fileRef = E5FA2555176F52410087104A /* Results.m */; };
		E5FA2559176F53100087104A /* CellImage.m in Sources */ = {isa = PBXBuildFile; fileRef = E5FA2558176F53100087104A /* CellImage.m */; };
/* End PBXBuildFile section */

/* Begin PBXFileReference section */
		E5547621176FA3EC0095A610 /* NetConnect.h */ = {isa = PBXFileReference; lastKnownFileType = sourcecode.c.h; path = NetConnect.h; sourceTree = "<group>"; };
		E5547622176FA3EC0095A610 /* NetConnect.m */ = {isa = PBXFileReference; lastKnownFileType = sourcecode.c.objc; path = NetConnect.m; sourceTree = "<group>"; };
		E5C4B41A177119D00009AEDE /* SBJson.h */ = {isa = PBXFileReference; fileEncoding = 4; lastKnownFileType = sourcecode.c.h; path = SBJson.h; sourceTree = "<group>"; };
		E5C4B41B177119D00009AEDE /* SBJsonParser.h */ = {isa = PBXFileReference; fileEncoding = 4; lastKnownFileType = sourcecode.c.h; path = SBJsonParser.h; sourceTree = "<group>"; };
		E5C4B41C177119D00009AEDE /* SBJsonParser.m */ = {isa = PBXFileReference; fileEncoding = 4; lastKnownFileType = sourcecode.c.objc; path = SBJsonParser.m; sourceTree = "<group>"; };
		E5C4B41D177119D00009AEDE /* SBJsonStreamParser.h */ = {isa = PBXFileReference; fileEncoding = 4; lastKnownFileType = sourcecode.c.h; path = SBJsonStreamParser.h; sourceTree = "<group>"; };
		E5C4B41E177119D00009AEDE /* SBJsonStreamParser.m */ = {isa = PBXFileReference; fileEncoding = 4; lastKnownFileType = sourcecode.c.objc; path = SBJsonStreamParser.m; sourceTree = "<group>"; };
		E5C4B41F177119D00009AEDE /* SBJsonStreamParserAccumulator.h */ = {isa = PBXFileReference; fileEncoding = 4; lastKnownFileType = sourcecode.c.h; path = SBJsonStreamParserAccumulator.h; sourceTree = "<group>"; };
		E5C4B420177119D00009AEDE /* SBJsonStreamParserAccumulator.m */ = {isa = PBXFileReference; fileEncoding = 4; lastKnownFileType = sourcecode.c.objc; path = SBJsonStreamParserAccumulator.m; sourceTree = "<group>"; };
		E5C4B421177119D00009AEDE /* SBJsonStreamParserAdapter.h */ = {isa = PBXFileReference; fileEncoding = 4; lastKnownFileType = sourcecode.c.h; path = SBJsonStreamParserAdapter.h; sourceTree = "<group>"; };
		E5C4B422177119D00009AEDE /* SBJsonStreamParserAdapter.m */ = {isa = PBXFileReference; fileEncoding = 4; lastKnownFileType = sourcecode.c.objc; path = SBJsonStreamParserAdapter.m; sourceTree = "<group>"; };
		E5C4B423177119D00009AEDE /* SBJsonStreamParserState.h */ = {isa = PBXFileReference; fileEncoding = 4; lastKnownFileType = sourcecode.c.h; path = SBJsonStreamParserState.h; sourceTree = "<group>"; };
		E5C4B424177119D00009AEDE /* SBJsonStreamParserState.m */ = {isa = PBXFileReference; fileEncoding = 4; lastKnownFileType = sourcecode.c.objc; path = SBJsonStreamParserState.m; sourceTree = "<group>"; };
		E5C4B425177119D00009AEDE /* SBJsonStreamTokeniser.h */ = {isa = PBXFileReference; fileEncoding = 4; lastKnownFileType = sourcecode.c.h; path = SBJsonStreamTokeniser.h; sourceTree = "<group>"; };
		E5C4B426177119D00009AEDE /* SBJsonStreamTokeniser.m */ = {isa = PBXFileReference; fileEncoding = 4; lastKnownFileType = sourcecode.c.objc; path = SBJsonStreamTokeniser.m; sourceTree = "<group>"; };
		E5C4B427177119D00009AEDE /* SBJsonStreamWriter.h */ = {isa = PBXFileReference; fileEncoding = 4; lastKnownFileType = sourcecode.c.h; path = SBJsonStreamWriter.h; sourceTree = "<group>"; };
		E5C4B428177119D00009AEDE /* SBJsonStreamWriter.m */ = {isa = PBXFileReference; fileEncoding = 4; lastKnownFileType = sourcecode.c.objc; path = SBJsonStreamWriter.m; sourceTree = "<group>"; };
		E5C4B429177119D00009AEDE /* SBJsonStreamWriterAccumulator.h */ = {isa = PBXFileReference; fileEncoding = 4; lastKnownFileType = sourcecode.c.h; path = SBJsonStreamWriterAccumulator.h; sourceTree = "<group>"; };
		E5C4B42A177119D00009AEDE /* SBJsonStreamWriterAccumulator.m */ = {isa = PBXFileReference; fileEncoding = 4; lastKnownFileType = sourcecode.c.objc; path = SBJsonStreamWriterAccumulator.m; sourceTree = "<group>"; };
		E5C4B42B177119D00009AEDE /* SBJsonStreamWriterState.h */ = {isa = PBXFileReference; fileEncoding = 4; lastKnownFileType = sourcecode.c.h; path = SBJsonStreamWriterState.h; sourceTree = "<group>"; };
		E5C4B42C177119D00009AEDE /* SBJsonStreamWriterState.m */ = {isa = PBXFileReference; fileEncoding = 4; lastKnownFileType = sourcecode.c.objc; path = SBJsonStreamWriterState.m; sourceTree = "<group>"; };
		E5C4B42D177119D00009AEDE /* SBJsonWriter.h */ = {isa = PBXFileReference; fileEncoding = 4; lastKnownFileType = sourcecode.c.h; path = SBJsonWriter.h; sourceTree = "<group>"; };
		E5C4B42E177119D00009AEDE /* SBJsonWriter.m */ = {isa = PBXFileReference; fileEncoding = 4; lastKnownFileType = sourcecode.c.objc; path = SBJsonWriter.m; sourceTree = "<group>"; };
		E5C4B43917711D430009AEDE /* SearchSession.h */ = {isa = PBXFileReference; fileEncoding = 4; lastKnownFileType = sourcecode.c.h; path = SearchSession.h; sourceTree = "<group>"; };
		E5C4B43A17711D430009AEDE /* SearchSession.m */ = {isa = PBXFileReference; fileEncoding = 4; lastKnownFileType = sourcecode.c.objc; path = SearchSession.m; sourceTree = "<group>"; };
		E5C4B43C177134210009AEDE /* ImagesGrabber.h */ = {isa = PBXFileReference; fileEncoding = 4; lastKnownFileType = sourcecode.c.h; path = ImagesGrabber.h; sourceTree = "<group>"; };
		E5C4B43D177134210009AEDE /* ImagesGrabber.m */ = {isa = PBXFileReference; fileEncoding = 4; lastKnownFileType = sourcecode.c.objc; path = ImagesGrabber.m; sourceTree = "<group>"; };
		E5C4B43F177136370009AEDE /* images.plist */ = {isa = PBXFileReference; fileEncoding = 4; lastKnownFileType = text.plist.xml; path = images.plist; sourceTree = "<group>"; };
		E5FA252E176F50950087104A /* astarAppzMohamedHasan.app */ = {isa = PBXFileReference; explicitFileType = wrapper.application; includeInIndex = 0; path = astarAppzMohamedHasan.app; sourceTree = BUILT_PRODUCTS_DIR; };
		E5FA2531176F50950087104A /* UIKit.framework */ = {isa = PBXFileReference; lastKnownFileType = wrapper.framework; name = UIKit.framework; path = System/Library/Frameworks/UIKit.framework; sourceTree = SDKROOT; };
		E5FA2533176F50950087104A /* Foundation.framework */ = {isa = PBXFileReference; lastKnownFileType = wrapper.framework; name = Foundation.framework; path = System/Library/Frameworks/Foundation.framework; sourceTree = SDKROOT; };
		E5FA2535176F50950087104A /* CoreGraphics.framework */ = {isa = PBXFileReference; lastKnownFileType = wrapper.framework; name = CoreGraphics.framework; path = System/Library/Frameworks/CoreGraphics.framework; sourceTree = SDKROOT; };
		E5FA2539176F50950087104A /* astarAppzMohamedHasan-Info.plist */ = {isa = PBXFileReference; lastKnownFileType = text.plist.xml; path = "astarAppzMohamedHasan-Info.plist"; sourceTree = "<group>"; };
		E5FA253B176F50950087104A /* en */ = {isa = PBXFileReference; lastKnownFileType = text.plist.strings; name = en; path = en.lproj/InfoPlist.strings; sourceTree = "<group>"; };
		E5FA253D176F50950087104A /* main.m */ = {isa = PBXFileReference; lastKnownFileType = sourcecode.c.objc; path = main.m; sourceTree = "<group>"; };
		E5FA253F176F50950087104A /* astarAppzMohamedHasan-Prefix.pch */ = {isa = PBXFileReference; lastKnownFileType = sourcecode.c.h; path = "astarAppzMohamedHasan-Prefix.pch"; sourceTree = "<group>"; };
		E5FA2540176F50950087104A /* AppDelegate.h */ = {isa = PBXFileReference; lastKnownFileType = sourcecode.c.h; path = AppDelegate.h; sourceTree = "<group>"; };
		E5FA2541176F50950087104A /* AppDelegate.m */ = {isa = PBXFileReference; lastKnownFileType = sourcecode.c.objc; path = AppDelegate.m; sourceTree = "<group>"; };
		E5FA2543176F50960087104A /* Default.png */ = {isa = PBXFileReference; lastKnownFileType = image.png; path = Default.png; sourceTree = "<group>"; };
		E5FA2545176F50960087104A /* Default@2x.png */ = {isa = PBXFileReference; lastKnownFileType = image.png; path = "Default@2x.png"; sourceTree = "<group>"; };
		E5FA2547176F50960087104A /* Default-568h@2x.png */ = {isa = PBXFileReference; lastKnownFileType = image.png; path = "Default-568h@2x.png"; sourceTree = "<group>"; };
		E5FA254A176F50960087104A /* en */ = {isa = PBXFileReference; lastKnownFileType = file.storyboard; name = en; path = en.lproj/MainStoryboard.storyboard; sourceTree = "<group>"; };
		E5FA254C176F50960087104A /* ViewController.h */ = {isa = PBXFileReference; lastKnownFileType = sourcecode.c.h; path = ViewController.h; sourceTree = "<group>"; };
		E5FA254D176F50960087104A /* ViewController.m */ = {isa = PBXFileReference; lastKnownFileType = sourcecode.c.objc; path = ViewController.m; sourceTree = "<group>"; };
		E5FA2554176F52410087104A /* Results.h */ = {isa = PBXFileReference; fileEncoding = 4; lastKnownFileType = sourcecode.c.h; path = Results.h; sourceTree = "<group>"; };
		E5FA2555176F52410087104A /* Results.m */ = {isa = PBXFileReference; fileEncoding = 4; lastKnownFileType = sourcecode.c.objc; path = Results.m; sourceTree = "<group>"; };
		E5FA2557176F53100087104A /* CellImage.h */ = {isa = PBXFileReference; fileEncoding = 4; lastKnownFileType = sourcecode.c.h; path = CellImage.h; sourceTree = "<group>"; };
		E5FA2558176F53100087104A /* CellImage.m */ = {isa = PBXFileReference; fileEncoding = 4; lastKnownFileType = sourcecode.c.objc; path = CellImage.m; sourceTree = "<group>"; };
/* End PBXFileReference section */

/* Begin PBXFrameworksBuildPhase section */
		E5FA252B176F50950087104A /* Frameworks */ = {
			isa = PBXFrameworksBuildPhase;
			buildActionMask = 2147483647;
			files = (
				E5FA2532176F50950087104A /* UIKit.framework in Frameworks */,
				E5FA2534176F50950087104A /* Foundation.framework in Frameworks */,
				E5FA2536176F50950087104A /* CoreGraphics.framework in Frameworks */,
			);
			runOnlyForDeploymentPostprocessing = 0;
		};
/* End PBXFrameworksBuildPhase section */

/* Begin PBXGroup section */
		E5C4B419177119D00009AEDE /* objc */ = {
			isa = PBXGroup;
			children = (
				E5C4B41A177119D00009AEDE /* SBJson.h */,
				E5C4B41B177119D00009AEDE /* SBJsonParser.h */,
				E5C4B41C177119D00009AEDE /* SBJsonParser.m */,
				E5C4B41D177119D00009AEDE /* SBJsonStreamParser.h */,
				E5C4B41E177119D00009AEDE /* SBJsonStreamParser.m */,
				E5C4B41F177119D00009AEDE /* SBJsonStreamParserAccumulator.h */,
				E5C4B420177119D00009AEDE /* SBJsonStreamParserAccumulator.m */,
				E5C4B421177119D00009AEDE /* SBJsonStreamParserAdapter.h */,
				E5C4B422177119D00009AEDE /* SBJsonStreamParserAdapter.m */,
				E5C4B423177119D00009AEDE /* SBJsonStreamParserState.h */,
				E5C4B424177119D00009AEDE /* SBJsonStreamParserState.m */,
				E5C4B425177119D00009AEDE /* SBJsonStreamTokeniser.h */,
				E5C4B426177119D00009AEDE /* SBJsonStreamTokeniser.m */,
				E5C4B427177119D00009AEDE /* SBJsonStreamWriter.h */,
				E5C4B428177119D00009AEDE /* SBJsonStreamWriter.m */,
				E5C4B429177119D00009AEDE /* SBJsonStreamWriterAccumulator.h */,
				E5C4B42A177119D00009AEDE /* SBJsonStreamWriterAccumulator.m */,
				E5C4B42B177119D00009AEDE /* SBJsonStreamWriterState.h */,
				E5C4B42C177119D00009AEDE /* SBJsonStreamWriterState.m */,
				E5C4B42D177119D00009AEDE /* SBJsonWriter.h */,
				E5C4B42E177119D00009AEDE /* SBJsonWriter.m */,
			);
			path = objc;
			sourceTree = "<group>";
		};
		E5FA2525176F50950087104A = {
			isa = PBXGroup;
			children = (
				E5C4B43917711D430009AEDE /* SearchSession.h */,
				E5C4B43A17711D430009AEDE /* SearchSession.m */,
				E5FA2537176F50950087104A /* astarAppzMohamedHasan */,
				E5FA2530176F50950087104A /* Frameworks */,
				E5FA252F176F50950087104A /* Products */,
			);
			sourceTree = "<group>";
		};
		E5FA252F176F50950087104A /* Products */ = {
			isa = PBXGroup;
			children = (
				E5FA252E176F50950087104A /* astarAppzMohamedHasan.app */,
			);
			name = Products;
			sourceTree = "<group>";
		};
		E5FA2530176F50950087104A /* Frameworks */ = {
			isa = PBXGroup;
			children = (
				E5FA2531176F50950087104A /* UIKit.framework */,
				E5FA2533176F50950087104A /* Foundation.framework */,
				E5FA2535176F50950087104A /* CoreGraphics.framework */,
			);
			name = Frameworks;
			sourceTree = "<group>";
		};
		E5FA2537176F50950087104A /* astarAppzMohamedHasan */ = {
			isa = PBXGroup;
			children = (
				E5FA2540176F50950087104A /* AppDelegate.h */,
				E5FA2541176F50950087104A /* AppDelegate.m */,
				E5FA2549176F50960087104A /* MainStoryboard.storyboard */,
				E5FA254C176F50960087104A /* ViewController.h */,
				E5FA254D176F50960087104A /* ViewController.m */,
				E5FA2557176F53100087104A /* CellImage.h */,
				E5FA2558176F53100087104A /* CellImage.m */,
				E5FA2554176F52410087104A /* Results.h */,
				E5FA2555176F52410087104A /* Results.m */,
				E5C4B419177119D00009AEDE /* objc */,
				E5FA2538176F50950087104A /* Supporting Files */,
				E5547621176FA3EC0095A610 /* NetConnect.h */,
				E5547622176FA3EC0095A610 /* NetConnect.m */,
				E5C4B43C177134210009AEDE /* ImagesGrabber.h */,
				E5C4B43D177134210009AEDE /* ImagesGrabber.m */,
			);
			path = astarAppzMohamedHasan;
			sourceTree = "<group>";
		};
		E5FA2538176F50950087104A /* Supporting Files */ = {
			isa = PBXGroup;
			children = (
				E5FA2539176F50950087104A /* astarAppzMohamedHasan-Info.plist */,
				E5FA253A176F50950087104A /* InfoPlist.strings */,
				E5FA253D176F50950087104A /* main.m */,
				E5FA253F176F50950087104A /* astarAppzMohamedHasan-Prefix.pch */,
				E5FA2543176F50960087104A /* Default.png */,
				E5FA2545176F50960087104A /* Default@2x.png */,
				E5FA2547176F50960087104A /* Default-568h@2x.png */,
				E5C4B43F177136370009AEDE /* images.plist */,
			);
			name = "Supporting Files";
			sourceTree = "<group>";
		};
/* End PBXGroup section */

/* Begin PBXNativeTarget section */
		E5FA252D176F50950087104A /* astarAppzMohamedHasan */ = {
			isa = PBXNativeTarget;
			buildConfigurationList = E5FA2551176F50960087104A /* Build configuration list for PBXNativeTarget "astarAppzMohamedHasan" */;
			buildPhases = (
				E5FA252A176F50950087104A /* Sources */,
				E5FA252B176F50950087104A /* Frameworks */,
				E5FA252C176F50950087104A /* Resources */,
			);
			buildRules = (
			);
			dependencies = (
			);
			name = astarAppzMohamedHasan;
			productName = astarAppzMohamedHasan;
			productReference = E5FA252E176F50950087104A /* astarAppzMohamedHasan.app */;
			productType = "com.apple.product-type.application";
		};
/* End PBXNativeTarget section */

/* Begin PBXProject section */
		E5FA2526176F50950087104A /* Project object */ = {
			isa = PBXProject;
			attributes = {
				LastUpgradeCheck = 0460;
				ORGANIZATIONNAME = "Mohammed Hasan";
			};
			buildConfigurationList = E5FA2529176F50950087104A /* Build configuration list for PBXProject "astarAppzMohamedHasan" */;
			compatibilityVersion = "Xcode 3.2";
			developmentRegion = English;
			hasScannedForEncodings = 0;
			knownRegions = (
				en,
			);
			mainGroup = E5FA2525176F50950087104A;
			productRefGroup = E5FA252F176F50950087104A /* Products */;
			projectDirPath = "";
			projectRoot = "";
			targets = (
				E5FA252D176F50950087104A /* astarAppzMohamedHasan */,
			);
		};
/* End PBXProject section */

/* Begin PBXResourcesBuildPhase section */
		E5FA252C176F50950087104A /* Resources */ = {
			isa = PBXResourcesBuildPhase;
			buildActionMask = 2147483647;
			files = (
				E5FA253C176F50950087104A /* InfoPlist.strings in Resources */,
				E5FA2544176F50960087104A /* Default.png in Resources */,
				E5FA2546176F50960087104A /* Default@2x.png in Resources */,
				E5FA2548176F50960087104A /* Default-568h@2x.png in Resources */,
				E5FA254B176F50960087104A /* MainStoryboard.storyboard in Resources */,
				E5C4B440177136370009AEDE /* images.plist in Resources */,
			);
			runOnlyForDeploymentPostprocessing = 0;
		};
/* End PBXResourcesBuildPhase section */

/* Begin PBXSourcesBuildPhase section */
		E5FA252A176F50950087104A /* Sources */ = {
			isa = PBXSourcesBuildPhase;
			buildActionMask = 2147483647;
			files = (
				E5547623176FA4290095A610 /* NetConnect.h in Sources */,
				E5547624176FA4290095A610 /* NetConnect.m in Sources */,
				E5FA253E176F50950087104A /* main.m in Sources */,
				E5FA2542176F50950087104A /* AppDelegate.m in Sources */,
				E5FA254E176F50960087104A /* ViewController.m in Sources */,
				E5FA2556176F52410087104A /* Results.m in Sources */,
				E5FA2559176F53100087104A /* CellImage.m in Sources */,
				E5C4B42F177119D00009AEDE /* SBJsonParser.m in Sources */,
				E5C4B430177119D00009AEDE /* SBJsonStreamParser.m in Sources */,
				E5C4B431177119D00009AEDE /* SBJsonStreamParserAccumulator.m in Sources */,
				E5C4B432177119D00009AEDE /* SBJsonStreamParserAdapter.m in Sources */,
				E5C4B433177119D00009AEDE /* SBJsonStreamParserState.m in Sources */,
				E5C4B434177119D00009AEDE /* SBJsonStreamTokeniser.m in Sources */,
				E5C4B435177119D00009AEDE /* SBJsonStreamWriter.m in Sources */,
				E5C4B436177119D00009AEDE /* SBJsonStreamWriterAccumulator.m in Sources */,
				E5C4B437177119D00009AEDE /* SBJsonStreamWriterState.m in Sources */,
				E5C4B438177119D00009AEDE /* SBJsonWriter.m in Sources */,
				E5C4B43B17711D430009AEDE /* SearchSession.m in Sources */,
				E5C4B43E177134210009AEDE /* ImagesGrabber.m in Sources */,
			);
			runOnlyForDeploymentPostprocessing = 0;
		};
/* End PBXSourcesBuildPhase section */

/* Begin PBXVariantGroup section */
		E5FA253A176F50950087104A /* InfoPlist.strings */ = {
			isa = PBXVariantGroup;
			children = (
				E5FA253B176F50950087104A /* en */,
			);
			name = InfoPlist.strings;
			sourceTree = "<group>";
		};
		E5FA2549176F50960087104A /* MainStoryboard.storyboard */ = {
			isa = PBXVariantGroup;
			children = (
				E5FA254A176F50960087104A /* en */,
			);
			name = MainStoryboard.storyboard;
			sourceTree = "<group>";
		};
/* End PBXVariantGroup section */

/* Begin XCBuildConfiguration section */
		E5FA254F176F50960087104A /* Debug */ = {
			isa = XCBuildConfiguration;
			buildSettings = {
				ALWAYS_SEARCH_USER_PATHS = NO;
				CLANG_CXX_LANGUAGE_STANDARD = "gnu++0x";
				CLANG_CXX_LIBRARY = "libc++";
				CLANG_ENABLE_OBJC_ARC = YES;
				CLANG_WARN_CONSTANT_CONVERSION = YES;
				CLANG_WARN_EMPTY_BODY = YES;
				CLANG_WARN_ENUM_CONVERSION = YES;
				CLANG_WARN_INT_CONVERSION = YES;
				CLANG_WARN__DUPLICATE_METHOD_MATCH = YES;
				CODE_SIGN_IDENTITY = "iPhone Developer: Karim Galil (388G2G7C3N)";
				"CODE_SIGN_IDENTITY[sdk=iphoneos*]" = "iPhone Developer: Karim Galil (388G2G7C3N)";
				COPY_PHASE_STRIP = NO;
				GCC_C_LANGUAGE_STANDARD = gnu99;
				GCC_DYNAMIC_NO_PIC = NO;
				GCC_OPTIMIZATION_LEVEL = 0;
				GCC_PREPROCESSOR_DEFINITIONS = (
					"DEBUG=1",
					"$(inherited)",
				);
				GCC_SYMBOLS_PRIVATE_EXTERN = NO;
				GCC_WARN_ABOUT_RETURN_TYPE = YES;
				GCC_WARN_UNINITIALIZED_AUTOS = YES;
				GCC_WARN_UNUSED_VARIABLE = YES;
				IPHONEOS_DEPLOYMENT_TARGET = 6.1;
				ONLY_ACTIVE_ARCH = YES;
				PROVISIONING_PROFILE = "CFC041EF-D3F0-4547-A074-EAC1273A6959";
				"PROVISIONING_PROFILE[sdk=iphoneos*]" = "CFC041EF-D3F0-4547-A074-EAC1273A6959";
				SDKROOT = iphoneos;
			};
			name = Debug;
		};
		E5FA2550176F50960087104A /* Release */ = {
			isa = XCBuildConfiguration;
			buildSettings = {
				ALWAYS_SEARCH_USER_PATHS = NO;
				CLANG_CXX_LANGUAGE_STANDARD = "gnu++0x";
				CLANG_CXX_LIBRARY = "libc++";
				CLANG_ENABLE_OBJC_ARC = YES;
				CLANG_WARN_CONSTANT_CONVERSION = YES;
				CLANG_WARN_EMPTY_BODY = YES;
				CLANG_WARN_ENUM_CONVERSION = YES;
				CLANG_WARN_INT_CONVERSION = YES;
				CLANG_WARN__DUPLICATE_METHOD_MATCH = YES;
				CODE_SIGN_IDENTITY = "iPhone Developer: Karim Galil (388G2G7C3N)";
				"CODE_SIGN_IDENTITY[sdk=iphoneos*]" = "";
				COPY_PHASE_STRIP = YES;
				GCC_C_LANGUAGE_STANDARD = gnu99;
				GCC_WARN_ABOUT_RETURN_TYPE = YES;
				GCC_WARN_UNINITIALIZED_AUTOS = YES;
				GCC_WARN_UNUSED_VARIABLE = YES;
				IPHONEOS_DEPLOYMENT_TARGET = 6.1;
				OTHER_CFLAGS = "-DNS_BLOCK_ASSERTIONS=1";
				PROVISIONING_PROFILE = "CFC041EF-D3F0-4547-A074-EAC1273A6959";
				SDKROOT = iphoneos;
				VALIDATE_PRODUCT = YES;
			};
			name = Release;
		};
		E5FA2552176F50960087104A /* Debug */ = {
			isa = XCBuildConfiguration;
			buildSettings = {
				GCC_PRECOMPILE_PREFIX_HEADER = YES;
				GCC_PREFIX_HEADER = "astarAppzMohamedHasan/astarAppzMohamedHasan-Prefix.pch";
				INFOPLIST_FILE = "astarAppzMohamedHasan/astarAppzMohamedHasan-Info.plist";
				PRODUCT_NAME = "$(TARGET_NAME)";
				WRAPPER_EXTENSION = app;
			};
			name = Debug;
		};
		E5FA2553176F50960087104A /* Release */ = {
			isa = XCBuildConfiguration;
			buildSettings = {
				GCC_PRECOMPILE_PREFIX_HEADER = YES;
				GCC_PREFIX_HEADER = "astarAppzMohamedHasan/astarAppzMohamedHasan-Prefix.pch";
				INFOPLIST_FILE = "astarAppzMohamedHasan/astarAppzMohamedHasan-Info.plist";
				PRODUCT_NAME = "$(TARGET_NAME)";
				WRAPPER_EXTENSION = app;
			};
			name = Release;
		};
/* End XCBuildConfiguration section */

/* Begin XCConfigurationList section */
		E5FA2529176F50950087104A /* Build configuration list for PBXProject "astarAppzMohamedHasan" */ = {
			isa = XCConfigurationList;
			buildConfigurations = (
				E5FA254F176F50960087104A /* Debug */,
				E5FA2550176F50960087104A /* Release */,
			);
			defaultConfigurationIsVisible = 0;
			defaultConfigurationName = Release;
		};
		E5FA2551176F50960087104A /* Build configuration list for PBXNativeTarget "astarAppzMohamedHasan" */ = {
			isa = XCConfigurationList;
			buildConfigurations = (
				E5FA2552176F50960087104A /* Debug */,
				E5FA2553176F50960087104A /* Release */,
			);
			defaultConfigurationIsVisible = 0;
			defaultConfigurationName = Release;
		};
/* End XCConfigurationList section */
	};
	rootObject = E5FA2526176F50950087104A /* Project object */;
}
